// !$*UTF8*$!
{
	archiveVersion = 1;
	classes = {
	};
	objectVersion = 50;
	objects = {

/* Begin PBXBuildFile section */
		CD91A300269A8502000DBC22 /* Tap_and_PlayApp.swift in Sources */ = {isa = PBXBuildFile; fileRef = CD91A2ED269A84FF000DBC22 /* Tap_and_PlayApp.swift */; };
		CD91A301269A8502000DBC22 /* Tap_and_PlayApp.swift in Sources */ = {isa = PBXBuildFile; fileRef = CD91A2ED269A84FF000DBC22 /* Tap_and_PlayApp.swift */; };
		CD91A302269A8502000DBC22 /* ContentView.swift in Sources */ = {isa = PBXBuildFile; fileRef = CD91A2EE269A84FF000DBC22 /* ContentView.swift */; };
		CD91A303269A8502000DBC22 /* ContentView.swift in Sources */ = {isa = PBXBuildFile; fileRef = CD91A2EE269A84FF000DBC22 /* ContentView.swift */; };
		CD91A304269A8502000DBC22 /* Assets.xcassets in Resources */ = {isa = PBXBuildFile; fileRef = CD91A2EF269A8502000DBC22 /* Assets.xcassets */; };
		CD91A305269A8502000DBC22 /* Assets.xcassets in Resources */ = {isa = PBXBuildFile; fileRef = CD91A2EF269A8502000DBC22 /* Assets.xcassets */; };
		CD91A312269A87D6000DBC22 /* GameSettingsViewModel.swift in Sources */ = {isa = PBXBuildFile; fileRef = CD91A311269A87D6000DBC22 /* GameSettingsViewModel.swift */; };
		CD91A314269A8A59000DBC22 /* PlayView.swift in Sources */ = {isa = PBXBuildFile; fileRef = CD91A313269A8A59000DBC22 /* PlayView.swift */; };
/* End PBXBuildFile section */

/* Begin PBXFileReference section */
		CD91A2ED269A84FF000DBC22 /* Tap_and_PlayApp.swift */ = {isa = PBXFileReference; lastKnownFileType = sourcecode.swift; path = Tap_and_PlayApp.swift; sourceTree = "<group>"; };
		CD91A2EE269A84FF000DBC22 /* ContentView.swift */ = {isa = PBXFileReference; lastKnownFileType = sourcecode.swift; path = ContentView.swift; sourceTree = "<group>"; };
		CD91A2EF269A8502000DBC22 /* Assets.xcassets */ = {isa = PBXFileReference; lastKnownFileType = folder.assetcatalog; path = Assets.xcassets; sourceTree = "<group>"; };
		CD91A2F4269A8502000DBC22 /* Tap and Play.app */ = {isa = PBXFileReference; explicitFileType = wrapper.application; includeInIndex = 0; path = "Tap and Play.app"; sourceTree = BUILT_PRODUCTS_DIR; };
		CD91A2F7269A8502000DBC22 /* Info.plist */ = {isa = PBXFileReference; lastKnownFileType = text.plist.xml; path = Info.plist; sourceTree = "<group>"; };
		CD91A2FC269A8502000DBC22 /* Tap and Play.app */ = {isa = PBXFileReference; explicitFileType = wrapper.application; includeInIndex = 0; path = "Tap and Play.app"; sourceTree = BUILT_PRODUCTS_DIR; };
		CD91A2FE269A8502000DBC22 /* Info.plist */ = {isa = PBXFileReference; lastKnownFileType = text.plist.xml; path = Info.plist; sourceTree = "<group>"; };
		CD91A2FF269A8502000DBC22 /* macOS.entitlements */ = {isa = PBXFileReference; lastKnownFileType = text.plist.entitlements; path = macOS.entitlements; sourceTree = "<group>"; };
		CD91A311269A87D6000DBC22 /* GameSettingsViewModel.swift */ = {isa = PBXFileReference; lastKnownFileType = sourcecode.swift; path = GameSettingsViewModel.swift; sourceTree = "<group>"; };
		CD91A313269A8A59000DBC22 /* PlayView.swift */ = {isa = PBXFileReference; lastKnownFileType = sourcecode.swift; path = PlayView.swift; sourceTree = "<group>"; };
/* End PBXFileReference section */

/* Begin PBXFrameworksBuildPhase section */
		CD91A2F1269A8502000DBC22 /* Frameworks */ = {
			isa = PBXFrameworksBuildPhase;
			buildActionMask = 2147483647;
			files = (
			);
			runOnlyForDeploymentPostprocessing = 0;
		};
		CD91A2F9269A8502000DBC22 /* Frameworks */ = {
			isa = PBXFrameworksBuildPhase;
			buildActionMask = 2147483647;
			files = (
			);
			runOnlyForDeploymentPostprocessing = 0;
		};
/* End PBXFrameworksBuildPhase section */

/* Begin PBXGroup section */
		CD91A2E7269A84FF000DBC22 = {
			isa = PBXGroup;
			children = (
				CD91A2EC269A84FF000DBC22 /* Shared */,
				CD91A2F6269A8502000DBC22 /* iOS */,
				CD91A2FD269A8502000DBC22 /* macOS */,
				CD91A2F5269A8502000DBC22 /* Products */,
			);
			sourceTree = "<group>";
		};
		CD91A2EC269A84FF000DBC22 /* Shared */ = {
			isa = PBXGroup;
			children = (
				CD91A2ED269A84FF000DBC22 /* Tap_and_PlayApp.swift */,
				CD91A310269A8701000DBC22 /* Views */,
				CD91A30F269A86F9000DBC22 /* ViewModels */,
				CD91A30E269A86F1000DBC22 /* Models */,
				CD91A2EF269A8502000DBC22 /* Assets.xcassets */,
			);
			path = Shared;
			sourceTree = "<group>";
		};
		CD91A2F5269A8502000DBC22 /* Products */ = {
			isa = PBXGroup;
			children = (
				CD91A2F4269A8502000DBC22 /* Tap and Play.app */,
				CD91A2FC269A8502000DBC22 /* Tap and Play.app */,
			);
			name = Products;
			sourceTree = "<group>";
		};
		CD91A2F6269A8502000DBC22 /* iOS */ = {
			isa = PBXGroup;
			children = (
				CD91A2F7269A8502000DBC22 /* Info.plist */,
			);
			path = iOS;
			sourceTree = "<group>";
		};
		CD91A2FD269A8502000DBC22 /* macOS */ = {
			isa = PBXGroup;
			children = (
				CD91A2FE269A8502000DBC22 /* Info.plist */,
				CD91A2FF269A8502000DBC22 /* macOS.entitlements */,
			);
			path = macOS;
			sourceTree = "<group>";
		};
		CD91A30E269A86F1000DBC22 /* Models */ = {
			isa = PBXGroup;
			children = (
			);
			path = Models;
			sourceTree = "<group>";
		};
		CD91A30F269A86F9000DBC22 /* ViewModels */ = {
			isa = PBXGroup;
			children = (
				CD91A311269A87D6000DBC22 /* GameSettingsViewModel.swift */,
			);
			path = ViewModels;
			sourceTree = "<group>";
		};
		CD91A310269A8701000DBC22 /* Views */ = {
			isa = PBXGroup;
			children = (
				CD91A2EE269A84FF000DBC22 /* ContentView.swift */,
				CD91A313269A8A59000DBC22 /* PlayView.swift */,
			);
			path = Views;
			sourceTree = "<group>";
		};
/* End PBXGroup section */

/* Begin PBXNativeTarget section */
		CD91A2F3269A8502000DBC22 /* Tap and Play (iOS) */ = {
			isa = PBXNativeTarget;
			buildConfigurationList = CD91A308269A8502000DBC22 /* Build configuration list for PBXNativeTarget "Tap and Play (iOS)" */;
			buildPhases = (
				CD91A2F0269A8502000DBC22 /* Sources */,
				CD91A2F1269A8502000DBC22 /* Frameworks */,
				CD91A2F2269A8502000DBC22 /* Resources */,
			);
			buildRules = (
			);
			dependencies = (
			);
			name = "Tap and Play (iOS)";
			productName = "Tap and Play (iOS)";
			productReference = CD91A2F4269A8502000DBC22 /* Tap and Play.app */;
			productType = "com.apple.product-type.application";
		};
		CD91A2FB269A8502000DBC22 /* Tap and Play (macOS) */ = {
			isa = PBXNativeTarget;
			buildConfigurationList = CD91A30B269A8502000DBC22 /* Build configuration list for PBXNativeTarget "Tap and Play (macOS)" */;
			buildPhases = (
				CD91A2F8269A8502000DBC22 /* Sources */,
				CD91A2F9269A8502000DBC22 /* Frameworks */,
				CD91A2FA269A8502000DBC22 /* Resources */,
			);
			buildRules = (
			);
			dependencies = (
			);
			name = "Tap and Play (macOS)";
			productName = "Tap and Play (macOS)";
			productReference = CD91A2FC269A8502000DBC22 /* Tap and Play.app */;
			productType = "com.apple.product-type.application";
		};
/* End PBXNativeTarget section */

/* Begin PBXProject section */
		CD91A2E8269A84FF000DBC22 /* Project object */ = {
			isa = PBXProject;
			attributes = {
				LastSwiftUpdateCheck = 1250;
				LastUpgradeCheck = 1250;
				TargetAttributes = {
					CD91A2F3269A8502000DBC22 = {
						CreatedOnToolsVersion = 12.5.1;
					};
					CD91A2FB269A8502000DBC22 = {
						CreatedOnToolsVersion = 12.5.1;
					};
				};
			};
			buildConfigurationList = CD91A2EB269A84FF000DBC22 /* Build configuration list for PBXProject "Tap and Play" */;
			compatibilityVersion = "Xcode 9.3";
			developmentRegion = en;
			hasScannedForEncodings = 0;
			knownRegions = (
				en,
				Base,
			);
			mainGroup = CD91A2E7269A84FF000DBC22;
			productRefGroup = CD91A2F5269A8502000DBC22 /* Products */;
			projectDirPath = "";
			projectRoot = "";
			targets = (
				CD91A2F3269A8502000DBC22 /* Tap and Play (iOS) */,
				CD91A2FB269A8502000DBC22 /* Tap and Play (macOS) */,
			);
		};
/* End PBXProject section */

/* Begin PBXResourcesBuildPhase section */
		CD91A2F2269A8502000DBC22 /* Resources */ = {
			isa = PBXResourcesBuildPhase;
			buildActionMask = 2147483647;
			files = (
				CD91A304269A8502000DBC22 /* Assets.xcassets in Resources */,
			);
			runOnlyForDeploymentPostprocessing = 0;
		};
		CD91A2FA269A8502000DBC22 /* Resources */ = {
			isa = PBXResourcesBuildPhase;
			buildActionMask = 2147483647;
			files = (
				CD91A305269A8502000DBC22 /* Assets.xcassets in Resources */,
			);
			runOnlyForDeploymentPostprocessing = 0;
		};
/* End PBXResourcesBuildPhase section */

/* Begin PBXSourcesBuildPhase section */
		CD91A2F0269A8502000DBC22 /* Sources */ = {
			isa = PBXSourcesBuildPhase;
			buildActionMask = 2147483647;
			files = (
				CD91A302269A8502000DBC22 /* ContentView.swift in Sources */,
				CD91A300269A8502000DBC22 /* Tap_and_PlayApp.swift in Sources */,
				CD91A314269A8A59000DBC22 /* PlayView.swift in Sources */,
				CD91A312269A87D6000DBC22 /* GameSettingsViewModel.swift in Sources */,
			);
			runOnlyForDeploymentPostprocessing = 0;
		};
		CD91A2F8269A8502000DBC22 /* Sources */ = {
			isa = PBXSourcesBuildPhase;
			buildActionMask = 2147483647;
			files = (
				CD91A303269A8502000DBC22 /* ContentView.swift in Sources */,
				CD91A301269A8502000DBC22 /* Tap_and_PlayApp.swift in Sources */,
			);
			runOnlyForDeploymentPostprocessing = 0;
		};
/* End PBXSourcesBuildPhase section */

/* Begin XCBuildConfiguration section */
		CD91A306269A8502000DBC22 /* Debug */ = {
			isa = XCBuildConfiguration;
			buildSettings = {
				ALWAYS_SEARCH_USER_PATHS = NO;
				CLANG_ANALYZER_NONNULL = YES;
				CLANG_ANALYZER_NUMBER_OBJECT_CONVERSION = YES_AGGRESSIVE;
				CLANG_CXX_LANGUAGE_STANDARD = "gnu++14";
				CLANG_CXX_LIBRARY = "libc++";
				CLANG_ENABLE_MODULES = YES;
				CLANG_ENABLE_OBJC_ARC = YES;
				CLANG_ENABLE_OBJC_WEAK = YES;
				CLANG_WARN_BLOCK_CAPTURE_AUTORELEASING = YES;
				CLANG_WARN_BOOL_CONVERSION = YES;
				CLANG_WARN_COMMA = YES;
				CLANG_WARN_CONSTANT_CONVERSION = YES;
				CLANG_WARN_DEPRECATED_OBJC_IMPLEMENTATIONS = YES;
				CLANG_WARN_DIRECT_OBJC_ISA_USAGE = YES_ERROR;
				CLANG_WARN_DOCUMENTATION_COMMENTS = YES;
				CLANG_WARN_EMPTY_BODY = YES;
				CLANG_WARN_ENUM_CONVERSION = YES;
				CLANG_WARN_INFINITE_RECURSION = YES;
				CLANG_WARN_INT_CONVERSION = YES;
				CLANG_WARN_NON_LITERAL_NULL_CONVERSION = YES;
				CLANG_WARN_OBJC_IMPLICIT_RETAIN_SELF = YES;
				CLANG_WARN_OBJC_LITERAL_CONVERSION = YES;
				CLANG_WARN_OBJC_ROOT_CLASS = YES_ERROR;
				CLANG_WARN_QUOTED_INCLUDE_IN_FRAMEWORK_HEADER = YES;
				CLANG_WARN_RANGE_LOOP_ANALYSIS = YES;
				CLANG_WARN_STRICT_PROTOTYPES = YES;
				CLANG_WARN_SUSPICIOUS_MOVE = YES;
				CLANG_WARN_UNGUARDED_AVAILABILITY = YES_AGGRESSIVE;
				CLANG_WARN_UNREACHABLE_CODE = YES;
				CLANG_WARN__DUPLICATE_METHOD_MATCH = YES;
				COPY_PHASE_STRIP = NO;
				DEBUG_INFORMATION_FORMAT = dwarf;
				ENABLE_STRICT_OBJC_MSGSEND = YES;
				ENABLE_TESTABILITY = YES;
				GCC_C_LANGUAGE_STANDARD = gnu11;
				GCC_DYNAMIC_NO_PIC = NO;
				GCC_NO_COMMON_BLOCKS = YES;
				GCC_OPTIMIZATION_LEVEL = 0;
				GCC_PREPROCESSOR_DEFINITIONS = (
					"DEBUG=1",
					"$(inherited)",
				);
				GCC_WARN_64_TO_32_BIT_CONVERSION = YES;
				GCC_WARN_ABOUT_RETURN_TYPE = YES_ERROR;
				GCC_WARN_UNDECLARED_SELECTOR = YES;
				GCC_WARN_UNINITIALIZED_AUTOS = YES_AGGRESSIVE;
				GCC_WARN_UNUSED_FUNCTION = YES;
				GCC_WARN_UNUSED_VARIABLE = YES;
				MTL_ENABLE_DEBUG_INFO = INCLUDE_SOURCE;
				MTL_FAST_MATH = YES;
				ONLY_ACTIVE_ARCH = YES;
				SWIFT_ACTIVE_COMPILATION_CONDITIONS = DEBUG;
				SWIFT_OPTIMIZATION_LEVEL = "-Onone";
			};
			name = Debug;
		};
		CD91A307269A8502000DBC22 /* Release */ = {
			isa = XCBuildConfiguration;
			buildSettings = {
				ALWAYS_SEARCH_USER_PATHS = NO;
				CLANG_ANALYZER_NONNULL = YES;
				CLANG_ANALYZER_NUMBER_OBJECT_CONVERSION = YES_AGGRESSIVE;
				CLANG_CXX_LANGUAGE_STANDARD = "gnu++14";
				CLANG_CXX_LIBRARY = "libc++";
				CLANG_ENABLE_MODULES = YES;
				CLANG_ENABLE_OBJC_ARC = YES;
				CLANG_ENABLE_OBJC_WEAK = YES;
				CLANG_WARN_BLOCK_CAPTURE_AUTORELEASING = YES;
				CLANG_WARN_BOOL_CONVERSION = YES;
				CLANG_WARN_COMMA = YES;
				CLANG_WARN_CONSTANT_CONVERSION = YES;
				CLANG_WARN_DEPRECATED_OBJC_IMPLEMENTATIONS = YES;
				CLANG_WARN_DIRECT_OBJC_ISA_USAGE = YES_ERROR;
				CLANG_WARN_DOCUMENTATION_COMMENTS = YES;
				CLANG_WARN_EMPTY_BODY = YES;
				CLANG_WARN_ENUM_CONVERSION = YES;
				CLANG_WARN_INFINITE_RECURSION = YES;
				CLANG_WARN_INT_CONVERSION = YES;
				CLANG_WARN_NON_LITERAL_NULL_CONVERSION = YES;
				CLANG_WARN_OBJC_IMPLICIT_RETAIN_SELF = YES;
				CLANG_WARN_OBJC_LITERAL_CONVERSION = YES;
				CLANG_WARN_OBJC_ROOT_CLASS = YES_ERROR;
				CLANG_WARN_QUOTED_INCLUDE_IN_FRAMEWORK_HEADER = YES;
				CLANG_WARN_RANGE_LOOP_ANALYSIS = YES;
				CLANG_WARN_STRICT_PROTOTYPES = YES;
				CLANG_WARN_SUSPICIOUS_MOVE = YES;
				CLANG_WARN_UNGUARDED_AVAILABILITY = YES_AGGRESSIVE;
				CLANG_WARN_UNREACHABLE_CODE = YES;
				CLANG_WARN__DUPLICATE_METHOD_MATCH = YES;
				COPY_PHASE_STRIP = NO;
				DEBUG_INFORMATION_FORMAT = "dwarf-with-dsym";
				ENABLE_NS_ASSERTIONS = NO;
				ENABLE_STRICT_OBJC_MSGSEND = YES;
				GCC_C_LANGUAGE_STANDARD = gnu11;
				GCC_NO_COMMON_BLOCKS = YES;
				GCC_WARN_64_TO_32_BIT_CONVERSION = YES;
				GCC_WARN_ABOUT_RETURN_TYPE = YES_ERROR;
				GCC_WARN_UNDECLARED_SELECTOR = YES;
				GCC_WARN_UNINITIALIZED_AUTOS = YES_AGGRESSIVE;
				GCC_WARN_UNUSED_FUNCTION = YES;
				GCC_WARN_UNUSED_VARIABLE = YES;
				MTL_ENABLE_DEBUG_INFO = NO;
				MTL_FAST_MATH = YES;
				SWIFT_COMPILATION_MODE = wholemodule;
				SWIFT_OPTIMIZATION_LEVEL = "-O";
			};
			name = Release;
		};
		CD91A309269A8502000DBC22 /* Debug */ = {
			isa = XCBuildConfiguration;
			buildSettings = {
				ASSETCATALOG_COMPILER_APPICON_NAME = AppIcon;
				ASSETCATALOG_COMPILER_GLOBAL_ACCENT_COLOR_NAME = AccentColor;
				CODE_SIGN_STYLE = Automatic;
				DEVELOPMENT_TEAM = 693P93E2N6;
				ENABLE_PREVIEWS = YES;
				INFOPLIST_FILE = iOS/Info.plist;
				IPHONEOS_DEPLOYMENT_TARGET = 14.0;
				LD_RUNPATH_SEARCH_PATHS = (
					"$(inherited)",
					"@executable_path/Frameworks",
				);
				PRODUCT_BUNDLE_IDENTIFIER = "com.trueddns.homenano.Tap-and-Play";
				PRODUCT_NAME = "Tap and Play";
				SDKROOT = iphoneos;
				SWIFT_VERSION = 5.0;
				TARGETED_DEVICE_FAMILY = "1,2";
			};
			name = Debug;
		};
		CD91A30A269A8502000DBC22 /* Release */ = {
			isa = XCBuildConfiguration;
			buildSettings = {
				ASSETCATALOG_COMPILER_APPICON_NAME = AppIcon;
				ASSETCATALOG_COMPILER_GLOBAL_ACCENT_COLOR_NAME = AccentColor;
				CODE_SIGN_STYLE = Automatic;
				DEVELOPMENT_TEAM = 693P93E2N6;
				ENABLE_PREVIEWS = YES;
				INFOPLIST_FILE = iOS/Info.plist;
				IPHONEOS_DEPLOYMENT_TARGET = 14.0;
				LD_RUNPATH_SEARCH_PATHS = (
					"$(inherited)",
					"@executable_path/Frameworks",
				);
				PRODUCT_BUNDLE_IDENTIFIER = "com.trueddns.homenano.Tap-and-Play";
				PRODUCT_NAME = "Tap and Play";
				SDKROOT = iphoneos;
				SWIFT_VERSION = 5.0;
				TARGETED_DEVICE_FAMILY = "1,2";
				VALIDATE_PRODUCT = YES;
			};
			name = Release;
		};
		CD91A30C269A8502000DBC22 /* Debug */ = {
			isa = XCBuildConfiguration;
			buildSettings = {
				ASSETCATALOG_COMPILER_APPICON_NAME = AppIcon;
				ASSETCATALOG_COMPILER_GLOBAL_ACCENT_COLOR_NAME = AccentColor;
				CODE_SIGN_ENTITLEMENTS = macOS/macOS.entitlements;
				CODE_SIGN_STYLE = Automatic;
				COMBINE_HIDPI_IMAGES = YES;
				DEVELOPMENT_TEAM = 693P93E2N6;
				ENABLE_HARDENED_RUNTIME = YES;
				ENABLE_PREVIEWS = YES;
				INFOPLIST_FILE = macOS/Info.plist;
				LD_RUNPATH_SEARCH_PATHS = (
					"$(inherited)",
					"@executable_path/../Frameworks",
				);
				MACOSX_DEPLOYMENT_TARGET = 11.0;
				PRODUCT_BUNDLE_IDENTIFIER = "com.trueddns.homenano.Tap-and-Play";
				PRODUCT_NAME = "Tap and Play";
				SDKROOT = macosx;
				SWIFT_VERSION = 5.0;
			};
			name = Debug;
		};
		CD91A30D269A8502000DBC22 /* Release */ = {
			isa = XCBuildConfiguration;
			buildSettings = {
				ASSETCATALOG_COMPILER_APPICON_NAME = AppIcon;
				ASSETCATALOG_COMPILER_GLOBAL_ACCENT_COLOR_NAME = AccentColor;
				CODE_SIGN_ENTITLEMENTS = macOS/macOS.entitlements;
				CODE_SIGN_STYLE = Automatic;
				COMBINE_HIDPI_IMAGES = YES;
				DEVELOPMENT_TEAM = 693P93E2N6;
				ENABLE_HARDENED_RUNTIME = YES;
				ENABLE_PREVIEWS = YES;
				INFOPLIST_FILE = macOS/Info.plist;
				LD_RUNPATH_SEARCH_PATHS = (
					"$(inherited)",
					"@executable_path/../Frameworks",
				);
				MACOSX_DEPLOYMENT_TARGET = 11.0;
				PRODUCT_BUNDLE_IDENTIFIER = "com.trueddns.homenano.Tap-and-Play";
				PRODUCT_NAME = "Tap and Play";
				SDKROOT = macosx;
				SWIFT_VERSION = 5.0;
			};
			name = Release;
		};
/* End XCBuildConfiguration section */

/* Begin XCConfigurationList section */
		CD91A2EB269A84FF000DBC22 /* Build configuration list for PBXProject "Tap and Play" */ = {
			isa = XCConfigurationList;
			buildConfigurations = (
				CD91A306269A8502000DBC22 /* Debug */,
				CD91A307269A8502000DBC22 /* Release */,
			);
			defaultConfigurationIsVisible = 0;
			defaultConfigurationName = Release;
		};
		CD91A308269A8502000DBC22 /* Build configuration list for PBXNativeTarget "Tap and Play (iOS)" */ = {
			isa = XCConfigurationList;
			buildConfigurations = (
				CD91A309269A8502000DBC22 /* Debug */,
				CD91A30A269A8502000DBC22 /* Release */,
			);
			defaultConfigurationIsVisible = 0;
			defaultConfigurationName = Release;
		};
		CD91A30B269A8502000DBC22 /* Build configuration list for PBXNativeTarget "Tap and Play (macOS)" */ = {
			isa = XCConfigurationList;
			buildConfigurations = (
				CD91A30C269A8502000DBC22 /* Debug */,
				CD91A30D269A8502000DBC22 /* Release */,
			);
			defaultConfigurationIsVisible = 0;
			defaultConfigurationName = Release;
		};
/* End XCConfigurationList section */
	};
	rootObject = CD91A2E8269A84FF000DBC22 /* Project object */;
}
